
Microsoft Visual Studio Solution File, Format Version 12.00
# Visual Studio Version 16
VisualStudioVersion = 16.0.32929.386
MinimumVisualStudioVersion = 10.0.40219.1
Project("{FAE04EC0-301F-11D3-BF4B-00C04F79EFBC}") = "INFIJOAPOSFIJO", "INFIJOAPOSFIJO\INFIJOAPOSFIJO.csproj", "{55802774-E4DD-4218-9479-5012F65108E1}"
EndProject
Global
	GlobalSection(SolutionConfigurationPlatforms) = preSolution
		Debug|Any CPU = Debug|Any CPU
		Release|Any CPU = Release|Any CPU
	EndGlobalSection
	GlobalSection(ProjectConfigurationPlatforms) = postSolution
		{55802774-E4DD-4218-9479-5012F65108E1}.Debug|Any CPU.ActiveCfg = Debug|Any CPU
		{55802774-E4DD-4218-9479-5012F65108E1}.Debug|Any CPU.Build.0 = Debug|Any CPU
		{55802774-E4DD-4218-9479-5012F65108E1}.Release|Any CPU.ActiveCfg = Release|Any CPU
		{55802774-E4DD-4218-9479-5012F65108E1}.Release|Any CPU.Build.0 = Release|Any CPU
	EndGlobalSection
	GlobalSection(SolutionProperties) = preSolution
		HideSolutionNode = FALSE
	EndGlobalSection
	GlobalSection(ExtensibilityGlobals) = postSolution
		SolutionGuid = {7F4E492A-D723-4104-BB21-6214876CB24A}
	EndGlobalSection
EndGlobal
